// !$*UTF8*$!
{
	archiveVersion = 1;
	classes = {
	};
	objectVersion = 46;
	objects = {

/* Begin PBXBuildFile section */
		318DF39091D4A0A9233FC9B7 /* Pods_pokedexUITests.framework in Frameworks */ = {isa = PBXBuildFile; fileRef = 3FB57E5D1BDD82A0535E7389 /* Pods_pokedexUITests.framework */; };
		384EE6A51EBAC9F30008178F /* AppDelegate.swift in Sources */ = {isa = PBXBuildFile; fileRef = 384EE6A41EBAC9F30008178F /* AppDelegate.swift */; };
		384EE6A71EBAC9F30008178F /* ViewController.swift in Sources */ = {isa = PBXBuildFile; fileRef = 384EE6A61EBAC9F30008178F /* ViewController.swift */; };
		384EE6AA1EBAC9F40008178F /* Main.storyboard in Resources */ = {isa = PBXBuildFile; fileRef = 384EE6A81EBAC9F40008178F /* Main.storyboard */; };
		384EE6AC1EBAC9F40008178F /* Assets.xcassets in Resources */ = {isa = PBXBuildFile; fileRef = 384EE6AB1EBAC9F40008178F /* Assets.xcassets */; };
		384EE6AF1EBAC9F40008178F /* LaunchScreen.storyboard in Resources */ = {isa = PBXBuildFile; fileRef = 384EE6AD1EBAC9F40008178F /* LaunchScreen.storyboard */; };
		384EE6BA1EBAC9F40008178F /* pokedexTests.swift in Sources */ = {isa = PBXBuildFile; fileRef = 384EE6B91EBAC9F40008178F /* pokedexTests.swift */; };
		384EE6C51EBAC9F40008178F /* pokedexUITests.swift in Sources */ = {isa = PBXBuildFile; fileRef = 384EE6C41EBAC9F40008178F /* pokedexUITests.swift */; };
		384EE6D31EBAD3120008178F /* pokemon.csv in Resources */ = {isa = PBXBuildFile; fileRef = 384EE6D21EBAD3120008178F /* pokemon.csv */; };
		384EE6D61EBAD3E90008178F /* Pokemon.swift in Sources */ = {isa = PBXBuildFile; fileRef = 384EE6D51EBAD3E90008178F /* Pokemon.swift */; };
		384EE6D91EBAD9DD0008178F /* PokeCell.swift in Sources */ = {isa = PBXBuildFile; fileRef = 384EE6D81EBAD9DD0008178F /* PokeCell.swift */; };
		384EE6DB1EBADFE30008178F /* csv.swift in Sources */ = {isa = PBXBuildFile; fileRef = 384EE6DA1EBADFE30008178F /* csv.swift */; };
		384EE6DD1EBAE3A90008178F /* pokemon.ttf in Resources */ = {isa = PBXBuildFile; fileRef = 384EE6DC1EBAE3A90008178F /* pokemon.ttf */; };
		384EE6E21EBAE4970008178F /* music.mp3 in Resources */ = {isa = PBXBuildFile; fileRef = 384EE6E11EBAE4970008178F /* music.mp3 */; };
		384EE6E41EBAE4B80008178F /* music.png in Resources */ = {isa = PBXBuildFile; fileRef = 384EE6E31EBAE4B80008178F /* music.png */; };
		384EE6E61EBB10180008178F /* PokemonDetailViewController.swift in Sources */ = {isa = PBXBuildFile; fileRef = 384EE6E51EBB10180008178F /* PokemonDetailViewController.swift */; };
		384EE6E81EBB3DC90008178F /* Constants.swift in Sources */ = {isa = PBXBuildFile; fileRef = 384EE6E71EBB3DC90008178F /* Constants.swift */; };
		46BD8DAB38D9D5072153E0F8 /* Pods_pokedexTests.framework in Frameworks */ = {isa = PBXBuildFile; fileRef = A6347EC67CA0223BA24DF7D2 /* Pods_pokedexTests.framework */; };
		B9F4DD950686079097824789 /* Pods_pokedex.framework in Frameworks */ = {isa = PBXBuildFile; fileRef = 557F7966EFDC89CF7251992D /* Pods_pokedex.framework */; };
/* End PBXBuildFile section */

/* Begin PBXContainerItemProxy section */
		384EE6B61EBAC9F40008178F /* PBXContainerItemProxy */ = {
			isa = PBXContainerItemProxy;
			containerPortal = 384EE6991EBAC9F30008178F /* Project object */;
			proxyType = 1;
			remoteGlobalIDString = 384EE6A01EBAC9F30008178F;
			remoteInfo = pokedex;
		};
		384EE6C11EBAC9F40008178F /* PBXContainerItemProxy */ = {
			isa = PBXContainerItemProxy;
			containerPortal = 384EE6991EBAC9F30008178F /* Project object */;
			proxyType = 1;
			remoteGlobalIDString = 384EE6A01EBAC9F30008178F;
			remoteInfo = pokedex;
		};
/* End PBXContainerItemProxy section */

/* Begin PBXFileReference section */
		019F5CC5E1BC870AC20208EB /* Pods-pokedexUITests.release.xcconfig */ = {isa = PBXFileReference; includeInIndex = 1; lastKnownFileType = text.xcconfig; name = "Pods-pokedexUITests.release.xcconfig"; path = "Pods/Target Support Files/Pods-pokedexUITests/Pods-pokedexUITests.release.xcconfig"; sourceTree = "<group>"; };
		384EE6A11EBAC9F30008178F /* pokedex.app */ = {isa = PBXFileReference; explicitFileType = wrapper.application; includeInIndex = 0; path = pokedex.app; sourceTree = BUILT_PRODUCTS_DIR; };
		384EE6A41EBAC9F30008178F /* AppDelegate.swift */ = {isa = PBXFileReference; lastKnownFileType = sourcecode.swift; path = AppDelegate.swift; sourceTree = "<group>"; };
		384EE6A61EBAC9F30008178F /* ViewController.swift */ = {isa = PBXFileReference; lastKnownFileType = sourcecode.swift; name = ViewController.swift; path = pokedex/ViewController.swift; sourceTree = "<group>"; };
		384EE6A91EBAC9F40008178F /* Base */ = {isa = PBXFileReference; lastKnownFileType = file.storyboard; name = Base; path = Base.lproj/Main.storyboard; sourceTree = "<group>"; };
		384EE6AB1EBAC9F40008178F /* Assets.xcassets */ = {isa = PBXFileReference; lastKnownFileType = folder.assetcatalog; path = Assets.xcassets; sourceTree = "<group>"; };
		384EE6AE1EBAC9F40008178F /* Base */ = {isa = PBXFileReference; lastKnownFileType = file.storyboard; name = Base; path = Base.lproj/LaunchScreen.storyboard; sourceTree = "<group>"; };
		384EE6B01EBAC9F40008178F /* Info.plist */ = {isa = PBXFileReference; lastKnownFileType = text.plist.xml; path = Info.plist; sourceTree = "<group>"; };
		384EE6B51EBAC9F40008178F /* pokedexTests.xctest */ = {isa = PBXFileReference; explicitFileType = wrapper.cfbundle; includeInIndex = 0; path = pokedexTests.xctest; sourceTree = BUILT_PRODUCTS_DIR; };
		384EE6B91EBAC9F40008178F /* pokedexTests.swift */ = {isa = PBXFileReference; lastKnownFileType = sourcecode.swift; path = pokedexTests.swift; sourceTree = "<group>"; };
		384EE6BB1EBAC9F40008178F /* Info.plist */ = {isa = PBXFileReference; lastKnownFileType = text.plist.xml; path = Info.plist; sourceTree = "<group>"; };
		384EE6C01EBAC9F40008178F /* pokedexUITests.xctest */ = {isa = PBXFileReference; explicitFileType = wrapper.cfbundle; includeInIndex = 0; path = pokedexUITests.xctest; sourceTree = BUILT_PRODUCTS_DIR; };
		384EE6C41EBAC9F40008178F /* pokedexUITests.swift */ = {isa = PBXFileReference; lastKnownFileType = sourcecode.swift; path = pokedexUITests.swift; sourceTree = "<group>"; };
		384EE6C61EBAC9F40008178F /* Info.plist */ = {isa = PBXFileReference; lastKnownFileType = text.plist.xml; path = Info.plist; sourceTree = "<group>"; };
		384EE6D21EBAD3120008178F /* pokemon.csv */ = {isa = PBXFileReference; fileEncoding = 4; lastKnownFileType = text; name = pokemon.csv; path = pokedex/pokemon.csv; sourceTree = "<group>"; };
		384EE6D51EBAD3E90008178F /* Pokemon.swift */ = {isa = PBXFileReference; fileEncoding = 4; lastKnownFileType = sourcecode.swift; path = Pokemon.swift; sourceTree = "<group>"; };
		384EE6D81EBAD9DD0008178F /* PokeCell.swift */ = {isa = PBXFileReference; fileEncoding = 4; lastKnownFileType = sourcecode.swift; path = PokeCell.swift; sourceTree = "<group>"; };
		384EE6DA1EBADFE30008178F /* csv.swift */ = {isa = PBXFileReference; fileEncoding = 4; lastKnownFileType = sourcecode.swift; name = csv.swift; path = pokedex/csv.swift; sourceTree = "<group>"; };
		384EE6DC1EBAE3A90008178F /* pokemon.ttf */ = {isa = PBXFileReference; lastKnownFileType = file; path = pokemon.ttf; sourceTree = "<group>"; };
		384EE6E11EBAE4970008178F /* music.mp3 */ = {isa = PBXFileReference; lastKnownFileType = audio.mp3; path = music.mp3; sourceTree = "<group>"; };
		384EE6E31EBAE4B80008178F /* music.png */ = {isa = PBXFileReference; lastKnownFileType = image.png; path = music.png; sourceTree = "<group>"; };
		384EE6E51EBB10180008178F /* PokemonDetailViewController.swift */ = {isa = PBXFileReference; fileEncoding = 4; lastKnownFileType = sourcecode.swift; path = PokemonDetailViewController.swift; sourceTree = "<group>"; };
		384EE6E71EBB3DC90008178F /* Constants.swift */ = {isa = PBXFileReference; fileEncoding = 4; lastKnownFileType = sourcecode.swift; path = Constants.swift; sourceTree = "<group>"; };
		3FB57E5D1BDD82A0535E7389 /* Pods_pokedexUITests.framework */ = {isa = PBXFileReference; explicitFileType = wrapper.framework; includeInIndex = 0; path = Pods_pokedexUITests.framework; sourceTree = BUILT_PRODUCTS_DIR; };
		45F574151CE2F17970E047E4 /* Pods-pokedexTests.debug.xcconfig */ = {isa = PBXFileReference; includeInIndex = 1; lastKnownFileType = text.xcconfig; name = "Pods-pokedexTests.debug.xcconfig"; path = "Pods/Target Support Files/Pods-pokedexTests/Pods-pokedexTests.debug.xcconfig"; sourceTree = "<group>"; };
		557F7966EFDC89CF7251992D /* Pods_pokedex.framework */ = {isa = PBXFileReference; explicitFileType = wrapper.framework; includeInIndex = 0; path = Pods_pokedex.framework; sourceTree = BUILT_PRODUCTS_DIR; };
		91C9EFB029275AB40EC4AB81 /* Pods-pokedex.release.xcconfig */ = {isa = PBXFileReference; includeInIndex = 1; lastKnownFileType = text.xcconfig; name = "Pods-pokedex.release.xcconfig"; path = "Pods/Target Support Files/Pods-pokedex/Pods-pokedex.release.xcconfig"; sourceTree = "<group>"; };
		A6347EC67CA0223BA24DF7D2 /* Pods_pokedexTests.framework */ = {isa = PBXFileReference; explicitFileType = wrapper.framework; includeInIndex = 0; path = Pods_pokedexTests.framework; sourceTree = BUILT_PRODUCTS_DIR; };
		B4AE4B47A6F0141516DA4943 /* Pods-pokedexTests.release.xcconfig */ = {isa = PBXFileReference; includeInIndex = 1; lastKnownFileType = text.xcconfig; name = "Pods-pokedexTests.release.xcconfig"; path = "Pods/Target Support Files/Pods-pokedexTests/Pods-pokedexTests.release.xcconfig"; sourceTree = "<group>"; };
		D59C03D8AF559682CDADC9BB /* Pods-pokedexUITests.debug.xcconfig */ = {isa = PBXFileReference; includeInIndex = 1; lastKnownFileType = text.xcconfig; name = "Pods-pokedexUITests.debug.xcconfig"; path = "Pods/Target Support Files/Pods-pokedexUITests/Pods-pokedexUITests.debug.xcconfig"; sourceTree = "<group>"; };
		F74C12FA912A9E3FBCC0B47F /* Pods-pokedex.debug.xcconfig */ = {isa = PBXFileReference; includeInIndex = 1; lastKnownFileType = text.xcconfig; name = "Pods-pokedex.debug.xcconfig"; path = "Pods/Target Support Files/Pods-pokedex/Pods-pokedex.debug.xcconfig"; sourceTree = "<group>"; };
/* End PBXFileReference section */

/* Begin PBXFrameworksBuildPhase section */
		384EE69E1EBAC9F30008178F /* Frameworks */ = {
			isa = PBXFrameworksBuildPhase;
			buildActionMask = 2147483647;
			files = (
				B9F4DD950686079097824789 /* Pods_pokedex.framework in Frameworks */,
			);
			runOnlyForDeploymentPostprocessing = 0;
		};
		384EE6B21EBAC9F40008178F /* Frameworks */ = {
			isa = PBXFrameworksBuildPhase;
			buildActionMask = 2147483647;
			files = (
				46BD8DAB38D9D5072153E0F8 /* Pods_pokedexTests.framework in Frameworks */,
			);
			runOnlyForDeploymentPostprocessing = 0;
		};
		384EE6BD1EBAC9F40008178F /* Frameworks */ = {
			isa = PBXFrameworksBuildPhase;
			buildActionMask = 2147483647;
			files = (
				318DF39091D4A0A9233FC9B7 /* Pods_pokedexUITests.framework in Frameworks */,
			);
			runOnlyForDeploymentPostprocessing = 0;
		};
/* End PBXFrameworksBuildPhase section */

/* Begin PBXGroup section */
		384EE6981EBAC9F30008178F = {
			isa = PBXGroup;
			children = (
				384EE6A31EBAC9F30008178F /* pokedex */,
				384EE6B81EBAC9F40008178F /* pokedexTests */,
				384EE6C31EBAC9F40008178F /* pokedexUITests */,
				384EE6A21EBAC9F30008178F /* Products */,
				8DDD57B6B9BC194AF39CEAE2 /* Pods */,
				5264B4DF655B4500B63BA262 /* Frameworks */,
			);
			sourceTree = "<group>";
		};
		384EE6A21EBAC9F30008178F /* Products */ = {
			isa = PBXGroup;
			children = (
				384EE6A11EBAC9F30008178F /* pokedex.app */,
				384EE6B51EBAC9F40008178F /* pokedexTests.xctest */,
				384EE6C01EBAC9F40008178F /* pokedexUITests.xctest */,
			);
			name = Products;
			sourceTree = "<group>";
		};
		384EE6A31EBAC9F30008178F /* pokedex */ = {
			isa = PBXGroup;
			children = (
				384EE6D41EBAD3D40008178F /* Model */,
				384EE6D71EBAD9C20008178F /* View */,
				384EE6DE1EBAE3BD0008178F /* Controller */,
				384EE6E01EBAE3D60008178F /* Util */,
				384EE6DF1EBAE3C60008178F /* Resources */,
				384EE6A41EBAC9F30008178F /* AppDelegate.swift */,
				384EE6A81EBAC9F40008178F /* Main.storyboard */,
				384EE6AB1EBAC9F40008178F /* Assets.xcassets */,
				384EE6AD1EBAC9F40008178F /* LaunchScreen.storyboard */,
				384EE6B01EBAC9F40008178F /* Info.plist */,
			);
			path = pokedex;
			sourceTree = "<group>";
		};
		384EE6B81EBAC9F40008178F /* pokedexTests */ = {
			isa = PBXGroup;
			children = (
				384EE6B91EBAC9F40008178F /* pokedexTests.swift */,
				384EE6BB1EBAC9F40008178F /* Info.plist */,
			);
			path = pokedexTests;
			sourceTree = "<group>";
		};
		384EE6C31EBAC9F40008178F /* pokedexUITests */ = {
			isa = PBXGroup;
			children = (
				384EE6C41EBAC9F40008178F /* pokedexUITests.swift */,
				384EE6C61EBAC9F40008178F /* Info.plist */,
			);
			path = pokedexUITests;
			sourceTree = "<group>";
		};
		384EE6D41EBAD3D40008178F /* Model */ = {
			isa = PBXGroup;
			children = (
				384EE6D51EBAD3E90008178F /* Pokemon.swift */,
			);
			name = Model;
			sourceTree = "<group>";
		};
		384EE6D71EBAD9C20008178F /* View */ = {
			isa = PBXGroup;
			children = (
				384EE6D81EBAD9DD0008178F /* PokeCell.swift */,
			);
			name = View;
			sourceTree = "<group>";
		};
		384EE6DE1EBAE3BD0008178F /* Controller */ = {
			isa = PBXGroup;
			children = (
				384EE6A61EBAC9F30008178F /* ViewController.swift */,
				384EE6E51EBB10180008178F /* PokemonDetailViewController.swift */,
			);
			name = Controller;
			path = ..;
			sourceTree = "<group>";
		};
		384EE6DF1EBAE3C60008178F /* Resources */ = {
			isa = PBXGroup;
			children = (
				384EE6E11EBAE4970008178F /* music.mp3 */,
				384EE6DC1EBAE3A90008178F /* pokemon.ttf */,
				384EE6D21EBAD3120008178F /* pokemon.csv */,
				384EE6E31EBAE4B80008178F /* music.png */,
			);
			name = Resources;
			path = ..;
			sourceTree = "<group>";
		};
		384EE6E01EBAE3D60008178F /* Util */ = {
			isa = PBXGroup;
			children = (
				384EE6DA1EBADFE30008178F /* csv.swift */,
				384EE6E71EBB3DC90008178F /* Constants.swift */,
			);
			name = Util;
			path = ..;
			sourceTree = "<group>";
		};
		5264B4DF655B4500B63BA262 /* Frameworks */ = {
			isa = PBXGroup;
			children = (
				557F7966EFDC89CF7251992D /* Pods_pokedex.framework */,
				A6347EC67CA0223BA24DF7D2 /* Pods_pokedexTests.framework */,
				3FB57E5D1BDD82A0535E7389 /* Pods_pokedexUITests.framework */,
			);
			name = Frameworks;
			sourceTree = "<group>";
		};
		8DDD57B6B9BC194AF39CEAE2 /* Pods */ = {
			isa = PBXGroup;
			children = (
				F74C12FA912A9E3FBCC0B47F /* Pods-pokedex.debug.xcconfig */,
				91C9EFB029275AB40EC4AB81 /* Pods-pokedex.release.xcconfig */,
				45F574151CE2F17970E047E4 /* Pods-pokedexTests.debug.xcconfig */,
				B4AE4B47A6F0141516DA4943 /* Pods-pokedexTests.release.xcconfig */,
				D59C03D8AF559682CDADC9BB /* Pods-pokedexUITests.debug.xcconfig */,
				019F5CC5E1BC870AC20208EB /* Pods-pokedexUITests.release.xcconfig */,
			);
			name = Pods;
			sourceTree = "<group>";
		};
/* End PBXGroup section */

/* Begin PBXNativeTarget section */
		384EE6A01EBAC9F30008178F /* pokedex */ = {
			isa = PBXNativeTarget;
			buildConfigurationList = 384EE6C91EBAC9F40008178F /* Build configuration list for PBXNativeTarget "pokedex" */;
			buildPhases = (
				E0D57735DFD1CFBF9C2C556E /* [CP] Check Pods Manifest.lock */,
				384EE69D1EBAC9F30008178F /* Sources */,
				384EE69E1EBAC9F30008178F /* Frameworks */,
				384EE69F1EBAC9F30008178F /* Resources */,
				F915B9DF43636F1F82693768 /* [CP] Embed Pods Frameworks */,
				0F922D23ECA38B023EC2B327 /* [CP] Copy Pods Resources */,
			);
			buildRules = (
			);
			dependencies = (
			);
			name = pokedex;
			productName = pokedex;
			productReference = 384EE6A11EBAC9F30008178F /* pokedex.app */;
			productType = "com.apple.product-type.application";
		};
		384EE6B41EBAC9F40008178F /* pokedexTests */ = {
			isa = PBXNativeTarget;
			buildConfigurationList = 384EE6CC1EBAC9F40008178F /* Build configuration list for PBXNativeTarget "pokedexTests" */;
			buildPhases = (
				E020E5EFBB9B94539CFD4F0E /* [CP] Check Pods Manifest.lock */,
				384EE6B11EBAC9F40008178F /* Sources */,
				384EE6B21EBAC9F40008178F /* Frameworks */,
				384EE6B31EBAC9F40008178F /* Resources */,
				7535E06631B5D5F33D283567 /* [CP] Embed Pods Frameworks */,
				B88613F5B7AD642D21C7022A /* [CP] Copy Pods Resources */,
			);
			buildRules = (
			);
			dependencies = (
				384EE6B71EBAC9F40008178F /* PBXTargetDependency */,
			);
			name = pokedexTests;
			productName = pokedexTests;
			productReference = 384EE6B51EBAC9F40008178F /* pokedexTests.xctest */;
			productType = "com.apple.product-type.bundle.unit-test";
		};
		384EE6BF1EBAC9F40008178F /* pokedexUITests */ = {
			isa = PBXNativeTarget;
			buildConfigurationList = 384EE6CF1EBAC9F40008178F /* Build configuration list for PBXNativeTarget "pokedexUITests" */;
			buildPhases = (
				EBC05924DFAFA281E1D4894C /* [CP] Check Pods Manifest.lock */,
				384EE6BC1EBAC9F40008178F /* Sources */,
				384EE6BD1EBAC9F40008178F /* Frameworks */,
				384EE6BE1EBAC9F40008178F /* Resources */,
				B9EC55BE2EB52E1E472D38B8 /* [CP] Embed Pods Frameworks */,
				77EE073060F78AFFC08CC2F6 /* [CP] Copy Pods Resources */,
			);
			buildRules = (
			);
			dependencies = (
				384EE6C21EBAC9F40008178F /* PBXTargetDependency */,
			);
			name = pokedexUITests;
			productName = pokedexUITests;
			productReference = 384EE6C01EBAC9F40008178F /* pokedexUITests.xctest */;
			productType = "com.apple.product-type.bundle.ui-testing";
		};
/* End PBXNativeTarget section */

/* Begin PBXProject section */
		384EE6991EBAC9F30008178F /* Project object */ = {
			isa = PBXProject;
			attributes = {
				LastSwiftUpdateCheck = 0830;
				LastUpgradeCheck = 0830;
				ORGANIZATIONNAME = "Diani Pavitri Rahasta";
				TargetAttributes = {
					384EE6A01EBAC9F30008178F = {
						CreatedOnToolsVersion = 8.3.2;
						DevelopmentTeam = GSW8WMLB2E;
						ProvisioningStyle = Automatic;
					};
					384EE6B41EBAC9F40008178F = {
						CreatedOnToolsVersion = 8.3.2;
						DevelopmentTeam = GSW8WMLB2E;
						ProvisioningStyle = Automatic;
						TestTargetID = 384EE6A01EBAC9F30008178F;
					};
					384EE6BF1EBAC9F40008178F = {
						CreatedOnToolsVersion = 8.3.2;
						DevelopmentTeam = GSW8WMLB2E;
						ProvisioningStyle = Automatic;
						TestTargetID = 384EE6A01EBAC9F30008178F;
					};
				};
			};
			buildConfigurationList = 384EE69C1EBAC9F30008178F /* Build configuration list for PBXProject "pokedex" */;
			compatibilityVersion = "Xcode 3.2";
			developmentRegion = English;
			hasScannedForEncodings = 0;
			knownRegions = (
				en,
				Base,
			);
			mainGroup = 384EE6981EBAC9F30008178F;
			productRefGroup = 384EE6A21EBAC9F30008178F /* Products */;
			projectDirPath = "";
			projectRoot = "";
			targets = (
				384EE6A01EBAC9F30008178F /* pokedex */,
				384EE6B41EBAC9F40008178F /* pokedexTests */,
				384EE6BF1EBAC9F40008178F /* pokedexUITests */,
			);
		};
/* End PBXProject section */

/* Begin PBXResourcesBuildPhase section */
		384EE69F1EBAC9F30008178F /* Resources */ = {
			isa = PBXResourcesBuildPhase;
			buildActionMask = 2147483647;
			files = (
				384EE6DD1EBAE3A90008178F /* pokemon.ttf in Resources */,
				384EE6E41EBAE4B80008178F /* music.png in Resources */,
				384EE6AF1EBAC9F40008178F /* LaunchScreen.storyboard in Resources */,
				384EE6E21EBAE4970008178F /* music.mp3 in Resources */,
				384EE6AC1EBAC9F40008178F /* Assets.xcassets in Resources */,
				384EE6D31EBAD3120008178F /* pokemon.csv in Resources */,
				384EE6AA1EBAC9F40008178F /* Main.storyboard in Resources */,
			);
			runOnlyForDeploymentPostprocessing = 0;
		};
		384EE6B31EBAC9F40008178F /* Resources */ = {
			isa = PBXResourcesBuildPhase;
			buildActionMask = 2147483647;
			files = (
			);
			runOnlyForDeploymentPostprocessing = 0;
		};
		384EE6BE1EBAC9F40008178F /* Resources */ = {
			isa = PBXResourcesBuildPhase;
			buildActionMask = 2147483647;
			files = (
			);
			runOnlyForDeploymentPostprocessing = 0;
		};
/* End PBXResourcesBuildPhase section */

/* Begin PBXShellScriptBuildPhase section */
		0F922D23ECA38B023EC2B327 /* [CP] Copy Pods Resources */ = {
			isa = PBXShellScriptBuildPhase;
			buildActionMask = 2147483647;
			files = (
			);
			inputPaths = (
			);
			name = "[CP] Copy Pods Resources";
			outputPaths = (
			);
			runOnlyForDeploymentPostprocessing = 0;
			shellPath = /bin/sh;
			shellScript = "\"${SRCROOT}/Pods/Target Support Files/Pods-pokedex/Pods-pokedex-resources.sh\"\n";
			showEnvVarsInLog = 0;
		};
		7535E06631B5D5F33D283567 /* [CP] Embed Pods Frameworks */ = {
			isa = PBXShellScriptBuildPhase;
			buildActionMask = 2147483647;
			files = (
			);
			inputPaths = (
			);
			name = "[CP] Embed Pods Frameworks";
			outputPaths = (
			);
			runOnlyForDeploymentPostprocessing = 0;
			shellPath = /bin/sh;
			shellScript = "\"${SRCROOT}/Pods/Target Support Files/Pods-pokedexTests/Pods-pokedexTests-frameworks.sh\"\n";
			showEnvVarsInLog = 0;
		};
		77EE073060F78AFFC08CC2F6 /* [CP] Copy Pods Resources */ = {
			isa = PBXShellScriptBuildPhase;
			buildActionMask = 2147483647;
			files = (
			);
			inputPaths = (
			);
			name = "[CP] Copy Pods Resources";
			outputPaths = (
			);
			runOnlyForDeploymentPostprocessing = 0;
			shellPath = /bin/sh;
			shellScript = "\"${SRCROOT}/Pods/Target Support Files/Pods-pokedexUITests/Pods-pokedexUITests-resources.sh\"\n";
			showEnvVarsInLog = 0;
		};
		B88613F5B7AD642D21C7022A /* [CP] Copy Pods Resources */ = {
			isa = PBXShellScriptBuildPhase;
			buildActionMask = 2147483647;
			files = (
			);
			inputPaths = (
			);
			name = "[CP] Copy Pods Resources";
			outputPaths = (
			);
			runOnlyForDeploymentPostprocessing = 0;
			shellPath = /bin/sh;
			shellScript = "\"${SRCROOT}/Pods/Target Support Files/Pods-pokedexTests/Pods-pokedexTests-resources.sh\"\n";
			showEnvVarsInLog = 0;
		};
		B9EC55BE2EB52E1E472D38B8 /* [CP] Embed Pods Frameworks */ = {
			isa = PBXShellScriptBuildPhase;
			buildActionMask = 2147483647;
			files = (
			);
			inputPaths = (
			);
			name = "[CP] Embed Pods Frameworks";
			outputPaths = (
			);
			runOnlyForDeploymentPostprocessing = 0;
			shellPath = /bin/sh;
			shellScript = "\"${SRCROOT}/Pods/Target Support Files/Pods-pokedexUITests/Pods-pokedexUITests-frameworks.sh\"\n";
			showEnvVarsInLog = 0;
		};
		E020E5EFBB9B94539CFD4F0E /* [CP] Check Pods Manifest.lock */ = {
			isa = PBXShellScriptBuildPhase;
			buildActionMask = 2147483647;
			files = (
			);
			inputPaths = (
			);
			name = "[CP] Check Pods Manifest.lock";
			outputPaths = (
			);
			runOnlyForDeploymentPostprocessing = 0;
			shellPath = /bin/sh;
			shellScript = "diff \"${PODS_PODFILE_DIR_PATH}/Podfile.lock\" \"${PODS_ROOT}/Manifest.lock\" > /dev/null\nif [ $? != 0 ] ; then\n    # print error to STDERR\n    echo \"error: The sandbox is not in sync with the Podfile.lock. Run 'pod install' or update your CocoaPods installation.\" >&2\n    exit 1\nfi\n";
			showEnvVarsInLog = 0;
		};
		E0D57735DFD1CFBF9C2C556E /* [CP] Check Pods Manifest.lock */ = {
			isa = PBXShellScriptBuildPhase;
			buildActionMask = 2147483647;
			files = (
			);
			inputPaths = (
			);
			name = "[CP] Check Pods Manifest.lock";
			outputPaths = (
			);
			runOnlyForDeploymentPostprocessing = 0;
			shellPath = /bin/sh;
			shellScript = "diff \"${PODS_PODFILE_DIR_PATH}/Podfile.lock\" \"${PODS_ROOT}/Manifest.lock\" > /dev/null\nif [ $? != 0 ] ; then\n    # print error to STDERR\n    echo \"error: The sandbox is not in sync with the Podfile.lock. Run 'pod install' or update your CocoaPods installation.\" >&2\n    exit 1\nfi\n";
			showEnvVarsInLog = 0;
		};
		EBC05924DFAFA281E1D4894C /* [CP] Check Pods Manifest.lock */ = {
			isa = PBXShellScriptBuildPhase;
			buildActionMask = 2147483647;
			files = (
			);
			inputPaths = (
			);
			name = "[CP] Check Pods Manifest.lock";
			outputPaths = (
			);
			runOnlyForDeploymentPostprocessing = 0;
			shellPath = /bin/sh;
			shellScript = "diff \"${PODS_PODFILE_DIR_PATH}/Podfile.lock\" \"${PODS_ROOT}/Manifest.lock\" > /dev/null\nif [ $? != 0 ] ; then\n    # print error to STDERR\n    echo \"error: The sandbox is not in sync with the Podfile.lock. Run 'pod install' or update your CocoaPods installation.\" >&2\n    exit 1\nfi\n";
			showEnvVarsInLog = 0;
		};
		F915B9DF43636F1F82693768 /* [CP] Embed Pods Frameworks */ = {
			isa = PBXShellScriptBuildPhase;
			buildActionMask = 2147483647;
			files = (
			);
			inputPaths = (
			);
			name = "[CP] Embed Pods Frameworks";
			outputPaths = (
			);
			runOnlyForDeploymentPostprocessing = 0;
			shellPath = /bin/sh;
			shellScript = "\"${SRCROOT}/Pods/Target Support Files/Pods-pokedex/Pods-pokedex-frameworks.sh\"\n";
			showEnvVarsInLog = 0;
		};
/* End PBXShellScriptBuildPhase section */

/* Begin PBXSourcesBuildPhase section */
		384EE69D1EBAC9F30008178F /* Sources */ = {
			isa = PBXSourcesBuildPhase;
			buildActionMask = 2147483647;
			files = (
				384EE6D91EBAD9DD0008178F /* PokeCell.swift in Sources */,
				384EE6A71EBAC9F30008178F /* ViewController.swift in Sources */,
				384EE6A51EBAC9F30008178F /* AppDelegate.swift in Sources */,
				384EE6D61EBAD3E90008178F /* Pokemon.swift in Sources */,
				384EE6E81EBB3DC90008178F /* Constants.swift in Sources */,
				384EE6DB1EBADFE30008178F /* csv.swift in Sources */,
				384EE6E61EBB10180008178F /* PokemonDetailViewController.swift in Sources */,
			);
			runOnlyForDeploymentPostprocessing = 0;
		};
		384EE6B11EBAC9F40008178F /* Sources */ = {
			isa = PBXSourcesBuildPhase;
			buildActionMask = 2147483647;
			files = (
				384EE6BA1EBAC9F40008178F /* pokedexTests.swift in Sources */,
			);
			runOnlyForDeploymentPostprocessing = 0;
		};
		384EE6BC1EBAC9F40008178F /* Sources */ = {
			isa = PBXSourcesBuildPhase;
			buildActionMask = 2147483647;
			files = (
				384EE6C51EBAC9F40008178F /* pokedexUITests.swift in Sources */,
			);
			runOnlyForDeploymentPostprocessing = 0;
		};
/* End PBXSourcesBuildPhase section */

/* Begin PBXTargetDependency section */
		384EE6B71EBAC9F40008178F /* PBXTargetDependency */ = {
			isa = PBXTargetDependency;
			target = 384EE6A01EBAC9F30008178F /* pokedex */;
			targetProxy = 384EE6B61EBAC9F40008178F /* PBXContainerItemProxy */;
		};
		384EE6C21EBAC9F40008178F /* PBXTargetDependency */ = {
			isa = PBXTargetDependency;
			target = 384EE6A01EBAC9F30008178F /* pokedex */;
			targetProxy = 384EE6C11EBAC9F40008178F /* PBXContainerItemProxy */;
		};
/* End PBXTargetDependency section */

/* Begin PBXVariantGroup section */
		384EE6A81EBAC9F40008178F /* Main.storyboard */ = {
			isa = PBXVariantGroup;
			children = (
				384EE6A91EBAC9F40008178F /* Base */,
			);
			name = Main.storyboard;
			sourceTree = "<group>";
		};
		384EE6AD1EBAC9F40008178F /* LaunchScreen.storyboard */ = {
			isa = PBXVariantGroup;
			children = (
				384EE6AE1EBAC9F40008178F /* Base */,
			);
			name = LaunchScreen.storyboard;
			sourceTree = "<group>";
		};
/* End PBXVariantGroup section */

/* Begin XCBuildConfiguration section */
		384EE6C71EBAC9F40008178F /* Debug */ = {
			isa = XCBuildConfiguration;
			buildSettings = {
				ALWAYS_SEARCH_USER_PATHS = NO;
				CLANG_ANALYZER_NONNULL = YES;
				CLANG_ANALYZER_NUMBER_OBJECT_CONVERSION = YES_AGGRESSIVE;
				CLANG_CXX_LANGUAGE_STANDARD = "gnu++0x";
				CLANG_CXX_LIBRARY = "libc++";
				CLANG_ENABLE_MODULES = YES;
				CLANG_ENABLE_OBJC_ARC = YES;
				CLANG_WARN_BOOL_CONVERSION = YES;
				CLANG_WARN_CONSTANT_CONVERSION = YES;
				CLANG_WARN_DIRECT_OBJC_ISA_USAGE = YES_ERROR;
				CLANG_WARN_DOCUMENTATION_COMMENTS = YES;
				CLANG_WARN_EMPTY_BODY = YES;
				CLANG_WARN_ENUM_CONVERSION = YES;
				CLANG_WARN_INFINITE_RECURSION = YES;
				CLANG_WARN_INT_CONVERSION = YES;
				CLANG_WARN_OBJC_ROOT_CLASS = YES_ERROR;
				CLANG_WARN_SUSPICIOUS_MOVE = YES;
				CLANG_WARN_UNREACHABLE_CODE = YES;
				CLANG_WARN__DUPLICATE_METHOD_MATCH = YES;
				"CODE_SIGN_IDENTITY[sdk=iphoneos*]" = "iPhone Developer";
				COPY_PHASE_STRIP = NO;
				DEBUG_INFORMATION_FORMAT = dwarf;
				ENABLE_STRICT_OBJC_MSGSEND = YES;
				ENABLE_TESTABILITY = YES;
				GCC_C_LANGUAGE_STANDARD = gnu99;
				GCC_DYNAMIC_NO_PIC = NO;
				GCC_NO_COMMON_BLOCKS = YES;
				GCC_OPTIMIZATION_LEVEL = 0;
				GCC_PREPROCESSOR_DEFINITIONS = (
					"DEBUG=1",
					"$(inherited)",
				);
				GCC_WARN_64_TO_32_BIT_CONVERSION = YES;
				GCC_WARN_ABOUT_RETURN_TYPE = YES_ERROR;
				GCC_WARN_UNDECLARED_SELECTOR = YES;
				GCC_WARN_UNINITIALIZED_AUTOS = YES_AGGRESSIVE;
				GCC_WARN_UNUSED_FUNCTION = YES;
				GCC_WARN_UNUSED_VARIABLE = YES;
				IPHONEOS_DEPLOYMENT_TARGET = 10.3;
				MTL_ENABLE_DEBUG_INFO = YES;
				ONLY_ACTIVE_ARCH = YES;
				SDKROOT = iphoneos;
				SWIFT_ACTIVE_COMPILATION_CONDITIONS = DEBUG;
				SWIFT_OPTIMIZATION_LEVEL = "-Onone";
				TARGETED_DEVICE_FAMILY = "1,2";
			};
			name = Debug;
		};
		384EE6C81EBAC9F40008178F /* Release */ = {
			isa = XCBuildConfiguration;
			buildSettings = {
				ALWAYS_SEARCH_USER_PATHS = NO;
				CLANG_ANALYZER_NONNULL = YES;
				CLANG_ANALYZER_NUMBER_OBJECT_CONVERSION = YES_AGGRESSIVE;
				CLANG_CXX_LANGUAGE_STANDARD = "gnu++0x";
				CLANG_CXX_LIBRARY = "libc++";
				CLANG_ENABLE_MODULES = YES;
				CLANG_ENABLE_OBJC_ARC = YES;
				CLANG_WARN_BOOL_CONVERSION = YES;
				CLANG_WARN_CONSTANT_CONVERSION = YES;
				CLANG_WARN_DIRECT_OBJC_ISA_USAGE = YES_ERROR;
				CLANG_WARN_DOCUMENTATION_COMMENTS = YES;
				CLANG_WARN_EMPTY_BODY = YES;
				CLANG_WARN_ENUM_CONVERSION = YES;
				CLANG_WARN_INFINITE_RECURSION = YES;
				CLANG_WARN_INT_CONVERSION = YES;
				CLANG_WARN_OBJC_ROOT_CLASS = YES_ERROR;
				CLANG_WARN_SUSPICIOUS_MOVE = YES;
				CLANG_WARN_UNREACHABLE_CODE = YES;
				CLANG_WARN__DUPLICATE_METHOD_MATCH = YES;
				"CODE_SIGN_IDENTITY[sdk=iphoneos*]" = "iPhone Developer";
				COPY_PHASE_STRIP = NO;
				DEBUG_INFORMATION_FORMAT = "dwarf-with-dsym";
				ENABLE_NS_ASSERTIONS = NO;
				ENABLE_STRICT_OBJC_MSGSEND = YES;
				GCC_C_LANGUAGE_STANDARD = gnu99;
				GCC_NO_COMMON_BLOCKS = YES;
				GCC_WARN_64_TO_32_BIT_CONVERSION = YES;
				GCC_WARN_ABOUT_RETURN_TYPE = YES_ERROR;
				GCC_WARN_UNDECLARED_SELECTOR = YES;
				GCC_WARN_UNINITIALIZED_AUTOS = YES_AGGRESSIVE;
				GCC_WARN_UNUSED_FUNCTION = YES;
				GCC_WARN_UNUSED_VARIABLE = YES;
				IPHONEOS_DEPLOYMENT_TARGET = 10.3;
				MTL_ENABLE_DEBUG_INFO = NO;
				SDKROOT = iphoneos;
				SWIFT_OPTIMIZATION_LEVEL = "-Owholemodule";
				TARGETED_DEVICE_FAMILY = "1,2";
				VALIDATE_PRODUCT = YES;
			};
			name = Release;
		};
		384EE6CA1EBAC9F40008178F /* Debug */ = {
			isa = XCBuildConfiguration;
			baseConfigurationReference = F74C12FA912A9E3FBCC0B47F /* Pods-pokedex.debug.xcconfig */;
			buildSettings = {
				ASSETCATALOG_COMPILER_APPICON_NAME = AppIcon;
				DEVELOPMENT_TEAM = GSW8WMLB2E;
				INFOPLIST_FILE = pokedex/Info.plist;
				LD_RUNPATH_SEARCH_PATHS = "$(inherited) @executable_path/Frameworks";
				PRODUCT_BUNDLE_IDENTIFIER = com.pegipegi.pokedex;
				PRODUCT_NAME = "$(TARGET_NAME)";
				SWIFT_VERSION = 3.0;
			};
			name = Debug;
		};
		384EE6CB1EBAC9F40008178F /* Release */ = {
			isa = XCBuildConfiguration;
			baseConfigurationReference = 91C9EFB029275AB40EC4AB81 /* Pods-pokedex.release.xcconfig */;
			buildSettings = {
				ASSETCATALOG_COMPILER_APPICON_NAME = AppIcon;
				DEVELOPMENT_TEAM = GSW8WMLB2E;
				INFOPLIST_FILE = pokedex/Info.plist;
				LD_RUNPATH_SEARCH_PATHS = "$(inherited) @executable_path/Frameworks";
				PRODUCT_BUNDLE_IDENTIFIER = com.pegipegi.pokedex;
				PRODUCT_NAME = "$(TARGET_NAME)";
				SWIFT_VERSION = 3.0;
			};
			name = Release;
		};
		384EE6CD1EBAC9F40008178F /* Debug */ = {
			isa = XCBuildConfiguration;
			baseConfigurationReference = 45F574151CE2F17970E047E4 /* Pods-pokedexTests.debug.xcconfig */;
			buildSettings = {
				ALWAYS_EMBED_SWIFT_STANDARD_LIBRARIES = YES;
				BUNDLE_LOADER = "$(TEST_HOST)";
				DEVELOPMENT_TEAM = GSW8WMLB2E;
				INFOPLIST_FILE = pokedexTests/Info.plist;
				LD_RUNPATH_SEARCH_PATHS = "$(inherited) @executable_path/Frameworks @loader_path/Frameworks";
				PRODUCT_BUNDLE_IDENTIFIER = com.pegipegi.pokedexTests;
				PRODUCT_NAME = "$(TARGET_NAME)";
				SWIFT_VERSION = 3.0;
				TEST_HOST = "$(BUILT_PRODUCTS_DIR)/pokedex.app/pokedex";
			};
			name = Debug;
		};
		384EE6CE1EBAC9F40008178F /* Release */ = {
			isa = XCBuildConfiguration;
			baseConfigurationReference = B4AE4B47A6F0141516DA4943 /* Pods-pokedexTests.release.xcconfig */;
			buildSettings = {
				ALWAYS_EMBED_SWIFT_STANDARD_LIBRARIES = YES;
				BUNDLE_LOADER = "$(TEST_HOST)";
				DEVELOPMENT_TEAM = GSW8WMLB2E;
				INFOPLIST_FILE = pokedexTests/Info.plist;
				LD_RUNPATH_SEARCH_PATHS = "$(inherited) @executable_path/Frameworks @loader_path/Frameworks";
				PRODUCT_BUNDLE_IDENTIFIER = com.pegipegi.pokedexTests;
				PRODUCT_NAME = "$(TARGET_NAME)";
				SWIFT_VERSION = 3.0;
				TEST_HOST = "$(BUILT_PRODUCTS_DIR)/pokedex.app/pokedex";
			};
			name = Release;
		};
		384EE6D01EBAC9F40008178F /* Debug */ = {
			isa = XCBuildConfiguration;
			baseConfigurationReference = D59C03D8AF559682CDADC9BB /* Pods-pokedexUITests.debug.xcconfig */;
			buildSettings = {
				ALWAYS_EMBED_SWIFT_STANDARD_LIBRARIES = YES;
				DEVELOPMENT_TEAM = GSW8WMLB2E;
				INFOPLIST_FILE = pokedexUITests/Info.plist;
				LD_RUNPATH_SEARCH_PATHS = "$(inherited) @executable_path/Frameworks @loader_path/Frameworks";
				PRODUCT_BUNDLE_IDENTIFIER = com.pegipegi.pokedexUITests;
				PRODUCT_NAME = "$(TARGET_NAME)";
				SWIFT_VERSION = 3.0;
				TEST_TARGET_NAME = pokedex;
			};
			name = Debug;
		};
		384EE6D11EBAC9F40008178F /* Release */ = {
			isa = XCBuildConfiguration;
			baseConfigurationReference = 019F5CC5E1BC870AC20208EB /* Pods-pokedexUITests.release.xcconfig */;
			buildSettings = {
				ALWAYS_EMBED_SWIFT_STANDARD_LIBRARIES = YES;
				DEVELOPMENT_TEAM = GSW8WMLB2E;
				INFOPLIST_FILE = pokedexUITests/Info.plist;
				LD_RUNPATH_SEARCH_PATHS = "$(inherited) @executable_path/Frameworks @loader_path/Frameworks";
				PRODUCT_BUNDLE_IDENTIFIER = com.pegipegi.pokedexUITests;
				PRODUCT_NAME = "$(TARGET_NAME)";
				SWIFT_VERSION = 3.0;
				TEST_TARGET_NAME = pokedex;
			};
			name = Release;
		};
/* End XCBuildConfiguration section */

/* Begin XCConfigurationList section */
		384EE69C1EBAC9F30008178F /* Build configuration list for PBXProject "pokedex" */ = {
			isa = XCConfigurationList;
			buildConfigurations = (
				384EE6C71EBAC9F40008178F /* Debug */,
				384EE6C81EBAC9F40008178F /* Release */,
			);
			defaultConfigurationIsVisible = 0;
			defaultConfigurationName = Release;
		};
		384EE6C91EBAC9F40008178F /* Build configuration list for PBXNativeTarget "pokedex" */ = {
			isa = XCConfigurationList;
			buildConfigurations = (
				384EE6CA1EBAC9F40008178F /* Debug */,
				384EE6CB1EBAC9F40008178F /* Release */,
			);
			defaultConfigurationIsVisible = 0;
			defaultConfigurationName = Release;
		};
		384EE6CC1EBAC9F40008178F /* Build configuration list for PBXNativeTarget "pokedexTests" */ = {
			isa = XCConfigurationList;
			buildConfigurations = (
				384EE6CD1EBAC9F40008178F /* Debug */,
				384EE6CE1EBAC9F40008178F /* Release */,
			);
			defaultConfigurationIsVisible = 0;
			defaultConfigurationName = Release;
		};
		384EE6CF1EBAC9F40008178F /* Build configuration list for PBXNativeTarget "pokedexUITests" */ = {
			isa = XCConfigurationList;
			buildConfigurations = (
				384EE6D01EBAC9F40008178F /* Debug */,
				384EE6D11EBAC9F40008178F /* Release */,
			);
			defaultConfigurationIsVisible = 0;
			defaultConfigurationName = Release;
		};
/* End XCConfigurationList section */
	};
	rootObject = 384EE6991EBAC9F30008178F /* Project object */;
}
